
Microsoft Visual Studio Solution File, Format Version 12.00
# Visual Studio Version 17
VisualStudioVersion = 17.1.32328.378
MinimumVisualStudioVersion = 10.0.40219.1
Project("{9A19103F-16F7-4668-BE54-9A1E7A4F7556}") = "BehavioralPatterns", "BehavioralPatterns\BehavioralPatterns.csproj", "{2F46163F-D776-4E55-AEDE-D6E2FF31B24C}"
EndProject
Project("{9A19103F-16F7-4668-BE54-9A1E7A4F7556}") = "CreationalPatterns", "CreationalPatterns\CreationalPatterns.csproj", "{4F556AA0-865D-4A8E-9CBE-B120E40B258A}"
EndProject
Project("{9A19103F-16F7-4668-BE54-9A1E7A4F7556}") = "StructuralPatterns", "StructuralPatterns\StructuralPatterns.csproj", "{57DE2D0B-DBAD-4ACA-8FC2-4E337E8D1408}"
EndProject
Project("{FAE04EC0-301F-11D3-BF4B-00C04F79EFBC}") = "Utility", "Utility\Utility.csproj", "{455E207F-1271-4BCE-AD09-13743D6A7868}"
EndProject
Global
	GlobalSection(SolutionConfigurationPlatforms) = preSolution
		Debug|Any CPU = Debug|Any CPU
		Release|Any CPU = Release|Any CPU
	EndGlobalSection
	GlobalSection(ProjectConfigurationPlatforms) = postSolution
		{2F46163F-D776-4E55-AEDE-D6E2FF31B24C}.Debug|Any CPU.ActiveCfg = Debug|Any CPU
		{2F46163F-D776-4E55-AEDE-D6E2FF31B24C}.Debug|Any CPU.Build.0 = Debug|Any CPU
		{2F46163F-D776-4E55-AEDE-D6E2FF31B24C}.Release|Any CPU.ActiveCfg = Release|Any CPU
		{2F46163F-D776-4E55-AEDE-D6E2FF31B24C}.Release|Any CPU.Build.0 = Release|Any CPU
		{4F556AA0-865D-4A8E-9CBE-B120E40B258A}.Debug|Any CPU.ActiveCfg = Debug|Any CPU
		{4F556AA0-865D-4A8E-9CBE-B120E40B258A}.Debug|Any CPU.Build.0 = Debug|Any CPU
		{4F556AA0-865D-4A8E-9CBE-B120E40B258A}.Release|Any CPU.ActiveCfg = Release|Any CPU
		{4F556AA0-865D-4A8E-9CBE-B120E40B258A}.Release|Any CPU.Build.0 = Release|Any CPU
		{57DE2D0B-DBAD-4ACA-8FC2-4E337E8D1408}.Debug|Any CPU.ActiveCfg = Debug|Any CPU
		{57DE2D0B-DBAD-4ACA-8FC2-4E337E8D1408}.Debug|Any CPU.Build.0 = Debug|Any CPU
		{57DE2D0B-DBAD-4ACA-8FC2-4E337E8D1408}.Release|Any CPU.ActiveCfg = Release|Any CPU
		{57DE2D0B-DBAD-4ACA-8FC2-4E337E8D1408}.Release|Any CPU.Build.0 = Release|Any CPU
		{455E207F-1271-4BCE-AD09-13743D6A7868}.Debug|Any CPU.ActiveCfg = Debug|Any CPU
		{455E207F-1271-4BCE-AD09-13743D6A7868}.Debug|Any CPU.Build.0 = Debug|Any CPU
		{455E207F-1271-4BCE-AD09-13743D6A7868}.Release|Any CPU.ActiveCfg = Release|Any CPU
		{455E207F-1271-4BCE-AD09-13743D6A7868}.Release|Any CPU.Build.0 = Release|Any CPU
	EndGlobalSection
	GlobalSection(SolutionProperties) = preSolution
		HideSolutionNode = FALSE
	EndGlobalSection
	GlobalSection(ExtensibilityGlobals) = postSolution
		SolutionGuid = {8C068CAD-4585-4AF1-B882-37CCF3BEBAC3}
	EndGlobalSection
EndGlobal
